
Microsoft Visual Studio Solution File, Format Version 12.00
# Visual Studio Version 16
VisualStudioVersion = 16.0.30717.126
MinimumVisualStudioVersion = 10.0.40219.1
Project("{FAE04EC0-301F-11D3-BF4B-00C04F79EFBC}") = "Rank", "Rank.csproj", "{8BFAA315-82B8-4971-9D67-CC8A2EDA354C}"
EndProject
Global
	GlobalSection(SolutionConfigurationPlatforms) = preSolution
		Debug|Any CPU = Debug|Any CPU
		Release|Any CPU = Release|Any CPU
	EndGlobalSection
	GlobalSection(ProjectConfigurationPlatforms) = postSolution
		{8BFAA315-82B8-4971-9D67-CC8A2EDA354C}.Debug|Any CPU.ActiveCfg = Debug|Any CPU
		{8BFAA315-82B8-4971-9D67-CC8A2EDA354C}.Debug|Any CPU.Build.0 = Debug|Any CPU
		{8BFAA315-82B8-4971-9D67-CC8A2EDA354C}.Release|Any CPU.ActiveCfg = Release|Any CPU
		{8BFAA315-82B8-4971-9D67-CC8A2EDA354C}.Release|Any CPU.Build.0 = Release|Any CPU
	EndGlobalSection
	GlobalSection(SolutionProperties) = preSolution
		HideSolutionNode = FALSE
	EndGlobalSection
	GlobalSection(ExtensibilityGlobals) = postSolution
		SolutionGuid = {E242B0B3-E4F2-4DF2-89EA-C550D6F6B8FB}
	EndGlobalSection
EndGlobal
